
Microsoft Visual Studio Solution File, Format Version 12.00
Project("{FAE04EC0-301F-11D3-BF4B-00C04F79EFBC}") = "Clock", "Clock\Clock.csproj", "{769218A6-F5C7-4BA7-B47A-542B7E342018}"
EndProject
Project("{FAE04EC0-301F-11D3-BF4B-00C04F79EFBC}") = "ConsoleApp", "ConsoleApp\ConsoleApp.csproj", "{A1D8F2A3-43DA-46D2-A1D5-4EE763588B55}"
EndProject
Project("{FAE04EC0-301F-11D3-BF4B-00C04F79EFBC}") = "WinFormsAppNetCore", "WinFormsAppNetCore\WinFormsAppNetCore.csproj", "{B985F2FA-FE29-407E-BBA9-9B433B75FDE6}"
EndProject
Project("{FAE04EC0-301F-11D3-BF4B-00C04F79EFBC}") = "WpfAppNetCore", "WpfAppNetCore\WpfAppNetCore.csproj", "{DDD79EEE-CE04-4C14-BEDE-85383D4C9B0F}"
EndProject
Project("{FAE04EC0-301F-11D3-BF4B-00C04F79EFBC}") = "AvaloniaApp", "AvaloniaApp\AvaloniaApp.csproj", "{265FE931-523A-419B-95AF-1CAC3CD5C641}"
EndProject
Project("{FAE04EC0-301F-11D3-BF4B-00C04F79EFBC}") = "MAUIApp", "MAUIApp\MAUIApp.csproj", "{801CA582-940B-4B55-8322-D54F4F465D29}"
EndProject
Project("{FAE04EC0-301F-11D3-BF4B-00C04F79EFBC}") = "WebAPI", "WebAPI\WebAPI.csproj", "{D0B206BF-4C72-45C2-AB8E-2CD6C0D9F743}"
EndProject
Project("{FAE04EC0-301F-11D3-BF4B-00C04F79EFBC}") = "WebApp", "WebApp\WebApp.csproj", "{55D2F8B7-2978-4270-BAED-834E728B5D93}"
EndProject
Project("{FAE04EC0-301F-11D3-BF4B-00C04F79EFBC}") = "GrpcService", "GrpcService\GrpcService.csproj", "{E936C803-DFC8-4301-8A72-B313B2FEE02F}"
EndProject
Project("{FAE04EC0-301F-11D3-BF4B-00C04F79EFBC}") = "Clock.Tests", "Clock.Tests\Clock.Tests.csproj", "{9CD5D8FC-E57A-46FC-B890-F5995018DA60}"
EndProject
Project("{FAE04EC0-301F-11D3-BF4B-00C04F79EFBC}") = "GrpcClient", "GrpcClient\GrpcClient.csproj", "{93C78470-7113-400E-9FB3-39A6B78480E7}"
EndProject
Project("{FAE04EC0-301F-11D3-BF4B-00C04F79EFBC}") = "MinimalWebAPI", "MinimalWebAPI\MinimalWebAPI.csproj", "{914D42CD-B4BA-441C-9E05-A29AAF5657E7}"
EndProject
Project("{FAE04EC0-301F-11D3-BF4B-00C04F79EFBC}") = "BlazorWebAssemblyApp", "BlazorWebAssemblyApp\BlazorWebAssemblyApp.csproj", "{DBFC2D78-7178-4C17-BFB7-208717E30998}"
EndProject
Project("{FAE04EC0-301F-11D3-BF4B-00C04F79EFBC}") = "BlazorServerApp", "BlazorServerApp\BlazorServerApp.csproj", "{89632948-6883-4DA2-8942-39351DBE5A7D}"
EndProject
Project("{FAE04EC0-301F-11D3-BF4B-00C04F79EFBC}") = "ShroedingersCat", "ShroedingersCat\ShroedingersCat.csproj", "{33EEE620-7F70-4263-97B3-AAB78854A988}"
EndProject
Global
	GlobalSection(SolutionConfigurationPlatforms) = preSolution
		Debug|Any CPU = Debug|Any CPU
		Release|Any CPU = Release|Any CPU
	EndGlobalSection
	GlobalSection(ProjectConfigurationPlatforms) = postSolution
		{769218A6-F5C7-4BA7-B47A-542B7E342018}.Debug|Any CPU.ActiveCfg = Debug|Any CPU
		{769218A6-F5C7-4BA7-B47A-542B7E342018}.Debug|Any CPU.Build.0 = Debug|Any CPU
		{769218A6-F5C7-4BA7-B47A-542B7E342018}.Release|Any CPU.ActiveCfg = Release|Any CPU
		{769218A6-F5C7-4BA7-B47A-542B7E342018}.Release|Any CPU.Build.0 = Release|Any CPU
		{A1D8F2A3-43DA-46D2-A1D5-4EE763588B55}.Debug|Any CPU.ActiveCfg = Debug|Any CPU
		{A1D8F2A3-43DA-46D2-A1D5-4EE763588B55}.Debug|Any CPU.Build.0 = Debug|Any CPU
		{A1D8F2A3-43DA-46D2-A1D5-4EE763588B55}.Release|Any CPU.ActiveCfg = Release|Any CPU
		{A1D8F2A3-43DA-46D2-A1D5-4EE763588B55}.Release|Any CPU.Build.0 = Release|Any CPU
		{B985F2FA-FE29-407E-BBA9-9B433B75FDE6}.Debug|Any CPU.ActiveCfg = Debug|Any CPU
		{B985F2FA-FE29-407E-BBA9-9B433B75FDE6}.Debug|Any CPU.Build.0 = Debug|Any CPU
		{B985F2FA-FE29-407E-BBA9-9B433B75FDE6}.Release|Any CPU.ActiveCfg = Release|Any CPU
		{B985F2FA-FE29-407E-BBA9-9B433B75FDE6}.Release|Any CPU.Build.0 = Release|Any CPU
		{DDD79EEE-CE04-4C14-BEDE-85383D4C9B0F}.Debug|Any CPU.ActiveCfg = Debug|Any CPU
		{DDD79EEE-CE04-4C14-BEDE-85383D4C9B0F}.Debug|Any CPU.Build.0 = Debug|Any CPU
		{DDD79EEE-CE04-4C14-BEDE-85383D4C9B0F}.Release|Any CPU.ActiveCfg = Release|Any CPU
		{DDD79EEE-CE04-4C14-BEDE-85383D4C9B0F}.Release|Any CPU.Build.0 = Release|Any CPU
		{265FE931-523A-419B-95AF-1CAC3CD5C641}.Debug|Any CPU.ActiveCfg = Debug|Any CPU
		{265FE931-523A-419B-95AF-1CAC3CD5C641}.Debug|Any CPU.Build.0 = Debug|Any CPU
		{265FE931-523A-419B-95AF-1CAC3CD5C641}.Release|Any CPU.ActiveCfg = Release|Any CPU
		{265FE931-523A-419B-95AF-1CAC3CD5C641}.Release|Any CPU.Build.0 = Release|Any CPU
		{801CA582-940B-4B55-8322-D54F4F465D29}.Debug|Any CPU.ActiveCfg = Debug|Any CPU
		{801CA582-940B-4B55-8322-D54F4F465D29}.Debug|Any CPU.Build.0 = Debug|Any CPU
		{801CA582-940B-4B55-8322-D54F4F465D29}.Release|Any CPU.ActiveCfg = Release|Any CPU
		{801CA582-940B-4B55-8322-D54F4F465D29}.Release|Any CPU.Build.0 = Release|Any CPU
		{D0B206BF-4C72-45C2-AB8E-2CD6C0D9F743}.Debug|Any CPU.ActiveCfg = Debug|Any CPU
		{D0B206BF-4C72-45C2-AB8E-2CD6C0D9F743}.Debug|Any CPU.Build.0 = Debug|Any CPU
		{D0B206BF-4C72-45C2-AB8E-2CD6C0D9F743}.Release|Any CPU.ActiveCfg = Release|Any CPU
		{D0B206BF-4C72-45C2-AB8E-2CD6C0D9F743}.Release|Any CPU.Build.0 = Release|Any CPU
		{55D2F8B7-2978-4270-BAED-834E728B5D93}.Debug|Any CPU.ActiveCfg = Debug|Any CPU
		{55D2F8B7-2978-4270-BAED-834E728B5D93}.Debug|Any CPU.Build.0 = Debug|Any CPU
		{55D2F8B7-2978-4270-BAED-834E728B5D93}.Release|Any CPU.ActiveCfg = Release|Any CPU
		{55D2F8B7-2978-4270-BAED-834E728B5D93}.Release|Any CPU.Build.0 = Release|Any CPU
		{E936C803-DFC8-4301-8A72-B313B2FEE02F}.Debug|Any CPU.ActiveCfg = Debug|Any CPU
		{E936C803-DFC8-4301-8A72-B313B2FEE02F}.Debug|Any CPU.Build.0 = Debug|Any CPU
		{E936C803-DFC8-4301-8A72-B313B2FEE02F}.Release|Any CPU.ActiveCfg = Release|Any CPU
		{E936C803-DFC8-4301-8A72-B313B2FEE02F}.Release|Any CPU.Build.0 = Release|Any CPU
		{9CD5D8FC-E57A-46FC-B890-F5995018DA60}.Debug|Any CPU.ActiveCfg = Debug|Any CPU
		{9CD5D8FC-E57A-46FC-B890-F5995018DA60}.Debug|Any CPU.Build.0 = Debug|Any CPU
		{9CD5D8FC-E57A-46FC-B890-F5995018DA60}.Release|Any CPU.ActiveCfg = Release|Any CPU
		{9CD5D8FC-E57A-46FC-B890-F5995018DA60}.Release|Any CPU.Build.0 = Release|Any CPU
		{93C78470-7113-400E-9FB3-39A6B78480E7}.Debug|Any CPU.ActiveCfg = Debug|Any CPU
		{93C78470-7113-400E-9FB3-39A6B78480E7}.Debug|Any CPU.Build.0 = Debug|Any CPU
		{93C78470-7113-400E-9FB3-39A6B78480E7}.Release|Any CPU.ActiveCfg = Release|Any CPU
		{93C78470-7113-400E-9FB3-39A6B78480E7}.Release|Any CPU.Build.0 = Release|Any CPU
		{914D42CD-B4BA-441C-9E05-A29AAF5657E7}.Debug|Any CPU.ActiveCfg = Debug|Any CPU
		{914D42CD-B4BA-441C-9E05-A29AAF5657E7}.Debug|Any CPU.Build.0 = Debug|Any CPU
		{914D42CD-B4BA-441C-9E05-A29AAF5657E7}.Release|Any CPU.ActiveCfg = Release|Any CPU
		{914D42CD-B4BA-441C-9E05-A29AAF5657E7}.Release|Any CPU.Build.0 = Release|Any CPU
		{DBFC2D78-7178-4C17-BFB7-208717E30998}.Debug|Any CPU.ActiveCfg = Debug|Any CPU
		{DBFC2D78-7178-4C17-BFB7-208717E30998}.Debug|Any CPU.Build.0 = Debug|Any CPU
		{DBFC2D78-7178-4C17-BFB7-208717E30998}.Release|Any CPU.ActiveCfg = Release|Any CPU
		{DBFC2D78-7178-4C17-BFB7-208717E30998}.Release|Any CPU.Build.0 = Release|Any CPU
		{89632948-6883-4DA2-8942-39351DBE5A7D}.Debug|Any CPU.ActiveCfg = Debug|Any CPU
		{89632948-6883-4DA2-8942-39351DBE5A7D}.Debug|Any CPU.Build.0 = Debug|Any CPU
		{89632948-6883-4DA2-8942-39351DBE5A7D}.Release|Any CPU.ActiveCfg = Release|Any CPU
		{89632948-6883-4DA2-8942-39351DBE5A7D}.Release|Any CPU.Build.0 = Release|Any CPU
		{33EEE620-7F70-4263-97B3-AAB78854A988}.Debug|Any CPU.ActiveCfg = Debug|Any CPU
		{33EEE620-7F70-4263-97B3-AAB78854A988}.Debug|Any CPU.Build.0 = Debug|Any CPU
		{33EEE620-7F70-4263-97B3-AAB78854A988}.Release|Any CPU.ActiveCfg = Release|Any CPU
		{33EEE620-7F70-4263-97B3-AAB78854A988}.Release|Any CPU.Build.0 = Release|Any CPU
	EndGlobalSection
EndGlobal
